{
    "_meta": {
        "hash": {
            "sha256": "6c75a7404d7e04cdff714f1d2e4e4b08acf292ff53c5f76d5b9669f3fe7a8f72"
        },
        "pipfile-spec": 6,
        "requires": {
            "python_version": "3.8"
        },
        "sources": [
            {
                "name": "pypi",
                "url": "https://pypi.org/simple",
                "verify_ssl": true
            }
        ]
    },
    "default": {
        "attrs": {
            "hashes": [
                "sha256:31b2eced602aa8423c2aea9c76a724617ed67cf9513173fd3a4f03e3a929c7e6",
                "sha256:832aa3cde19744e49938b91fea06d69ecb9e649c93ba974535d08ad92164f700"
            ],
            "markers": "python_version >= '2.7' and python_version not in '3.0, 3.1, 3.2, 3.3'",
            "version": "==20.3.0"
        },
        "aws-cdk.cloud-assembly-schema": {
            "hashes": [
                "sha256:302f5655261bf0781ce8480b82b35d47599915d78db6e0776613a6355ca7e959",
                "sha256:3c55c45c55bf9536d7718fdd588f4bb4c83555d123fc11548a0c1dfb3c44d8f4"
            ],
            "markers": "python_version >= '3.6'",
            "version": "==1.72.0"
        },
        "aws-cdk.core": {
            "hashes": [
                "sha256:02b565e9de20dfa13c6a91160ba5f0748e127d78f1f66541c18843ed90320e2a",
                "sha256:a25255250c2fb79de2741a22f79abb6ec78daca8e6067d0f480f40000a973c10"
            ],
            "index": "pypi",
            "version": "==1.72.0"
        },
        "aws-cdk.cx-api": {
            "hashes": [
                "sha256:0e543f9636ace9f7500e8a235f2cc5ceab0b4eb26e19354bff7c0f38a5bd1c39",
                "sha256:becfd1ded0f06f0e4a691c84bb6ef9c1256bfb45baf7d90ee70616f997ccf176"
            ],
            "markers": "python_version >= '3.6'",
            "version": "==1.72.0"
        },
        "aws-cdk.region-info": {
            "hashes": [
                "sha256:90899ad4e91dd6e6ca6da1bc28f65b994ef3c28cdbf6f3d5fe4dea3e1187bfbb",
                "sha256:e18e61ee94fc88047cf5f5d85736805149ad0e4fe807f3074e39661618397290"
            ],
            "markers": "python_version >= '3.6'",
            "version": "==1.72.0"
        },
        "cattrs": {
            "hashes": [
                "sha256:41398d3cbdda64707a9947c3ffac35116dc8ab5307c2962c02cdd01c96097149",
                "sha256:cd7579ef6ed80993bdd0e24a806493c48576caebd47b7b6ec2cd3cfd0b9a5f72"
            ],
            "markers": "python_version >= '3.7'",
            "version": "==1.1.1"
        },
        "constructs": {
            "hashes": [
                "sha256:13fbddd15854be657e999bf09ec5b52ae23d9dd2188e2592ce1921de2be2c30d",
                "sha256:f90d84aefa04a733094b826f7847766e2a118a3be52f58f8a00f400204e04d51"
            ],
            "markers": "python_version >= '3.6'",
            "version": "==3.2.21"
        },
        "jsii": {
            "hashes": [
                "sha256:580e4fd38740b8a0c520db46f60c3e78aef6a6d01687c7ab8c28bfb74992310a",
                "sha256:f69086667a8b4fff586d9c0f26870260bf0f5a6ffcd379c7beb435c61a96a02e"
            ],
            "markers": "python_version ~= '3.6'",
            "version": "==1.14.1"
        },
        "publication": {
            "hashes": [
                "sha256:0248885351febc11d8a1098d5c8e3ab2dabcf3e8c0c96db1e17ecd12b53afbe6",
                "sha256:68416a0de76dddcdd2930d1c8ef853a743cc96c82416c4e4d3b5d901c6276dc4"
            ],
            "version": "==0.0.3"
        },
        "python-dateutil": {
            "hashes": [
                "sha256:73ebfe9dbf22e832286dafa60473e4cd239f8592f699aa5adaf10050e6e1823c",
                "sha256:75bb3f31ea686f1197762692a9ee6a7550b59fc6ca3a1f4b5d7e32fb98e2da2a"
            ],
            "markers": "python_version >= '2.7' and python_version not in '3.0, 3.1, 3.2'",
            "version": "==2.8.1"
        },
        "six": {
            "hashes": [
                "sha256:30639c035cdb23534cd4aa2dd52c3bf48f06e5f4a941509c8bafd8ce11080259",
                "sha256:8b74bedcbbbaca38ff6d7491d76f2b06b3592611af620f8426e82dddb04a5ced"
            ],
            "markers": "python_version >= '2.7' and python_version not in '3.0, 3.1, 3.2'",
            "version": "==1.15.0"
        },
        "typing-extensions": {
            "hashes": [
                "sha256:7cb407020f00f7bfc3cb3e7881628838e69d8f3fcab2f64742a5e76b2f841918",
                "sha256:99d4073b617d30288f569d3f13d2bd7548c3a7e4c8de87db09a9d29bb3a4a60c",
                "sha256:dafc7639cde7f1b6e1acc0f457842a83e722ccca8eef5270af2d74792619a89f"
            ],
            "version": "==3.7.4.3"
        }
    },
    "develop": {}
}
